
Microsoft Visual Studio Solution File, Format Version 12.00
# Visual Studio Version 17
VisualStudioVersion = 17.5.33627.172
MinimumVisualStudioVersion = 10.0.40219.1
Project("{FAE04EC0-301F-11D3-BF4B-00C04F79EFBC}") = "ImplementIDisposableInterface", "ImplementIDisposableInterface\ImplementIDisposableInterface.csproj", "{A2F37963-04EB-43A6-A0E5-81448B35376B}"
EndProject
Global
	GlobalSection(SolutionConfigurationPlatforms) = preSolution
		Debug|Any CPU = Debug|Any CPU
		Release|Any CPU = Release|Any CPU
	EndGlobalSection
	GlobalSection(ProjectConfigurationPlatforms) = postSolution
		{A2F37963-04EB-43A6-A0E5-81448B35376B}.Debug|Any CPU.ActiveCfg = Debug|Any CPU
		{A2F37963-04EB-43A6-A0E5-81448B35376B}.Debug|Any CPU.Build.0 = Debug|Any CPU
		{A2F37963-04EB-43A6-A0E5-81448B35376B}.Release|Any CPU.ActiveCfg = Release|Any CPU
		{A2F37963-04EB-43A6-A0E5-81448B35376B}.Release|Any CPU.Build.0 = Release|Any CPU
	EndGlobalSection
	GlobalSection(SolutionProperties) = preSolution
		HideSolutionNode = FALSE
	EndGlobalSection
	GlobalSection(ExtensibilityGlobals) = postSolution
		SolutionGuid = {5D618A25-4132-4200-8913-F5244565A31A}
	EndGlobalSection
EndGlobal
